
Microsoft Visual Studio Solution File, Format Version 12.00
# Visual Studio 2012
VisualStudioVersion = 12.0.31101.0
MinimumVisualStudioVersion = 10.0.40219.1
Project("{FAE04EC0-301F-11D3-BF4B-00C04F79EFBC}") = "Xamarin.HighCharts.Domain", "Xamarin.HighCharts.Domain\Xamarin.HighCharts.Domain.csproj", "{BE1CD0E0-C769-4344-AAC9-430062394289}"
EndProject
Project("{FAE04EC0-301F-11D3-BF4B-00C04F79EFBC}") = "Xamarin.HighCharts.InfraStructure", "Xamarin.HighCharts.InfraStructure\Xamarin.HighCharts.InfraStructure.csproj", "{D1571159-AFC2-4827-932B-A34ACF104145}"
EndProject
Project("{FAE04EC0-301F-11D3-BF4B-00C04F79EFBC}") = "Xamarin.HighCharts.Repository", "Xamarin.HighCharts.Repository\Xamarin.HighCharts.Repository.csproj", "{9AF6EDAA-41CA-417C-85F6-6332C8FF774E}"
EndProject
Project("{FAE04EC0-301F-11D3-BF4B-00C04F79EFBC}") = "Xamarin.HighCharts.DataAccess", "Xamarin.HighCharts.DataAccess\Xamarin.HighCharts.DataAccess.csproj", "{973837B4-11A5-4B92-A2CE-3F4D21330520}"
EndProject
Project("{2150E333-8FDC-42A3-9474-1A3956D46DE8}") = ".nuget", ".nuget", "{B9BC2DFC-1589-4C32-9FCB-E816A799BE01}"
	ProjectSection(SolutionItems) = preProject
		.nuget\NuGet.Config = .nuget\NuGet.Config
		.nuget\NuGet.exe = .nuget\NuGet.exe
		.nuget\NuGet.targets = .nuget\NuGet.targets
	EndProjectSection
EndProject
Project("{2150E333-8FDC-42A3-9474-1A3956D46DE8}") = "Forms", "Forms", "{2A701157-A632-477E-BA9D-B00720D558F4}"
EndProject
Project("{FAE04EC0-301F-11D3-BF4B-00C04F79EFBC}") = "Xamarin.HighCharts", "Xamarin.HighCharts\Xamarin.HighCharts\Xamarin.HighCharts.csproj", "{41189108-1532-40C6-B168-9B1D29FC5EEC}"
EndProject
Project("{FAE04EC0-301F-11D3-BF4B-00C04F79EFBC}") = "Xamarin.HighCharts.iOS", "Xamarin.HighCharts\Xamarin.HighCharts.iOS\Xamarin.HighCharts.iOS.csproj", "{2D95CA72-181B-4865-AC70-386CEE1424D3}"
EndProject
Project("{FAE04EC0-301F-11D3-BF4B-00C04F79EFBC}") = "Xamarin.HighCharts.Android", "Xamarin.HighCharts\Xamarin.HighCharts.Android\Xamarin.HighCharts.Android.csproj", "{03EE3210-D1EB-458A-A3D5-E4F041D3979F}"
EndProject
Project("{FAE04EC0-301F-11D3-BF4B-00C04F79EFBC}") = "Xamarin.HighCharts.WinPhone", "Xamarin.HighCharts\Xamarin.HighCharts.WinPhone\Xamarin.HighCharts.WinPhone.csproj", "{58818F56-349C-425C-A995-DDDB949CFE23}"
EndProject
Global
	GlobalSection(SolutionConfigurationPlatforms) = preSolution
		Ad-Hoc|Any CPU = Ad-Hoc|Any CPU
		Ad-Hoc|ARM = Ad-Hoc|ARM
		Ad-Hoc|iPhone = Ad-Hoc|iPhone
		Ad-Hoc|iPhoneSimulator = Ad-Hoc|iPhoneSimulator
		Ad-Hoc|Mixed Platforms = Ad-Hoc|Mixed Platforms
		Ad-Hoc|x86 = Ad-Hoc|x86
		AppStore|Any CPU = AppStore|Any CPU
		AppStore|ARM = AppStore|ARM
		AppStore|iPhone = AppStore|iPhone
		AppStore|iPhoneSimulator = AppStore|iPhoneSimulator
		AppStore|Mixed Platforms = AppStore|Mixed Platforms
		AppStore|x86 = AppStore|x86
		Debug|Any CPU = Debug|Any CPU
		Debug|ARM = Debug|ARM
		Debug|iPhone = Debug|iPhone
		Debug|iPhoneSimulator = Debug|iPhoneSimulator
		Debug|Mixed Platforms = Debug|Mixed Platforms
		Debug|x86 = Debug|x86
		Release|Any CPU = Release|Any CPU
		Release|ARM = Release|ARM
		Release|iPhone = Release|iPhone
		Release|iPhoneSimulator = Release|iPhoneSimulator
		Release|Mixed Platforms = Release|Mixed Platforms
		Release|x86 = Release|x86
	EndGlobalSection
	GlobalSection(ProjectConfigurationPlatforms) = postSolution
		{03EE3210-D1EB-458A-A3D5-E4F041D3979F}.Ad-Hoc|Any CPU.ActiveCfg = Release|Any CPU
		{03EE3210-D1EB-458A-A3D5-E4F041D3979F}.Ad-Hoc|Any CPU.Build.0 = Release|Any CPU
		{03EE3210-D1EB-458A-A3D5-E4F041D3979F}.Ad-Hoc|Any CPU.Deploy.0 = Release|Any CPU
		{03EE3210-D1EB-458A-A3D5-E4F041D3979F}.Ad-Hoc|ARM.ActiveCfg = Release|Any CPU
		{03EE3210-D1EB-458A-A3D5-E4F041D3979F}.Ad-Hoc|iPhone.ActiveCfg = Release|Any CPU
		{03EE3210-D1EB-458A-A3D5-E4F041D3979F}.Ad-Hoc|iPhoneSimulator.ActiveCfg = Release|Any CPU
		{03EE3210-D1EB-458A-A3D5-E4F041D3979F}.Ad-Hoc|Mixed Platforms.ActiveCfg = Release|Any CPU
		{03EE3210-D1EB-458A-A3D5-E4F041D3979F}.Ad-Hoc|Mixed Platforms.Build.0 = Release|Any CPU
		{03EE3210-D1EB-458A-A3D5-E4F041D3979F}.Ad-Hoc|Mixed Platforms.Deploy.0 = Release|Any CPU
		{03EE3210-D1EB-458A-A3D5-E4F041D3979F}.Ad-Hoc|x86.ActiveCfg = Release|Any CPU
		{03EE3210-D1EB-458A-A3D5-E4F041D3979F}.AppStore|Any CPU.ActiveCfg = Release|Any CPU
		{03EE3210-D1EB-458A-A3D5-E4F041D3979F}.AppStore|Any CPU.Build.0 = Release|Any CPU
		{03EE3210-D1EB-458A-A3D5-E4F041D3979F}.AppStore|Any CPU.Deploy.0 = Release|Any CPU
		{03EE3210-D1EB-458A-A3D5-E4F041D3979F}.AppStore|ARM.ActiveCfg = Release|Any CPU
		{03EE3210-D1EB-458A-A3D5-E4F041D3979F}.AppStore|iPhone.ActiveCfg = Release|Any CPU
		{03EE3210-D1EB-458A-A3D5-E4F041D3979F}.AppStore|iPhoneSimulator.ActiveCfg = Release|Any CPU
		{03EE3210-D1EB-458A-A3D5-E4F041D3979F}.AppStore|Mixed Platforms.ActiveCfg = Release|Any CPU
		{03EE3210-D1EB-458A-A3D5-E4F041D3979F}.AppStore|Mixed Platforms.Build.0 = Release|Any CPU
		{03EE3210-D1EB-458A-A3D5-E4F041D3979F}.AppStore|Mixed Platforms.Deploy.0 = Release|Any CPU
		{03EE3210-D1EB-458A-A3D5-E4F041D3979F}.AppStore|x86.ActiveCfg = Release|Any CPU
		{03EE3210-D1EB-458A-A3D5-E4F041D3979F}.Debug|Any CPU.ActiveCfg = Debug|Any CPU
		{03EE3210-D1EB-458A-A3D5-E4F041D3979F}.Debug|Any CPU.Build.0 = Debug|Any CPU
		{03EE3210-D1EB-458A-A3D5-E4F041D3979F}.Debug|Any CPU.Deploy.0 = Debug|Any CPU
		{03EE3210-D1EB-458A-A3D5-E4F041D3979F}.Debug|ARM.ActiveCfg = Debug|Any CPU
		{03EE3210-D1EB-458A-A3D5-E4F041D3979F}.Debug|iPhone.ActiveCfg = Debug|Any CPU
		{03EE3210-D1EB-458A-A3D5-E4F041D3979F}.Debug|iPhoneSimulator.ActiveCfg = Debug|Any CPU
		{03EE3210-D1EB-458A-A3D5-E4F041D3979F}.Debug|Mixed Platforms.ActiveCfg = Debug|Any CPU
		{03EE3210-D1EB-458A-A3D5-E4F041D3979F}.Debug|Mixed Platforms.Build.0 = Debug|Any CPU
		{03EE3210-D1EB-458A-A3D5-E4F041D3979F}.Debug|Mixed Platforms.Deploy.0 = Debug|Any CPU
		{03EE3210-D1EB-458A-A3D5-E4F041D3979F}.Debug|x86.ActiveCfg = Debug|Any CPU
		{03EE3210-D1EB-458A-A3D5-E4F041D3979F}.Release|Any CPU.ActiveCfg = Release|Any CPU
		{03EE3210-D1EB-458A-A3D5-E4F041D3979F}.Release|Any CPU.Build.0 = Release|Any CPU
		{03EE3210-D1EB-458A-A3D5-E4F041D3979F}.Release|Any CPU.Deploy.0 = Release|Any CPU
		{03EE3210-D1EB-458A-A3D5-E4F041D3979F}.Release|ARM.ActiveCfg = Release|Any CPU
		{03EE3210-D1EB-458A-A3D5-E4F041D3979F}.Release|iPhone.ActiveCfg = Release|Any CPU
		{03EE3210-D1EB-458A-A3D5-E4F041D3979F}.Release|iPhoneSimulator.ActiveCfg = Release|Any CPU
		{03EE3210-D1EB-458A-A3D5-E4F041D3979F}.Release|Mixed Platforms.ActiveCfg = Release|Any CPU
		{03EE3210-D1EB-458A-A3D5-E4F041D3979F}.Release|Mixed Platforms.Build.0 = Release|Any CPU
		{03EE3210-D1EB-458A-A3D5-E4F041D3979F}.Release|Mixed Platforms.Deploy.0 = Release|Any CPU
		{03EE3210-D1EB-458A-A3D5-E4F041D3979F}.Release|x86.ActiveCfg = Release|Any CPU
		{2D95CA72-181B-4865-AC70-386CEE1424D3}.Ad-Hoc|Any CPU.ActiveCfg = Ad-Hoc|iPhone
		{2D95CA72-181B-4865-AC70-386CEE1424D3}.Ad-Hoc|ARM.ActiveCfg = Ad-Hoc|iPhone
		{2D95CA72-181B-4865-AC70-386CEE1424D3}.Ad-Hoc|iPhone.ActiveCfg = Ad-Hoc|iPhone
		{2D95CA72-181B-4865-AC70-386CEE1424D3}.Ad-Hoc|iPhone.Build.0 = Ad-Hoc|iPhone
		{2D95CA72-181B-4865-AC70-386CEE1424D3}.Ad-Hoc|iPhoneSimulator.ActiveCfg = Ad-Hoc|iPhoneSimulator
		{2D95CA72-181B-4865-AC70-386CEE1424D3}.Ad-Hoc|iPhoneSimulator.Build.0 = Ad-Hoc|iPhoneSimulator
		{2D95CA72-181B-4865-AC70-386CEE1424D3}.Ad-Hoc|Mixed Platforms.ActiveCfg = Ad-Hoc|iPhone
		{2D95CA72-181B-4865-AC70-386CEE1424D3}.Ad-Hoc|Mixed Platforms.Build.0 = Ad-Hoc|iPhone
		{2D95CA72-181B-4865-AC70-386CEE1424D3}.Ad-Hoc|x86.ActiveCfg = Ad-Hoc|iPhone
		{2D95CA72-181B-4865-AC70-386CEE1424D3}.AppStore|Any CPU.ActiveCfg = AppStore|iPhone
		{2D95CA72-181B-4865-AC70-386CEE1424D3}.AppStore|ARM.ActiveCfg = AppStore|iPhone
		{2D95CA72-181B-4865-AC70-386CEE1424D3}.AppStore|iPhone.ActiveCfg = AppStore|iPhone
		{2D95CA72-181B-4865-AC70-386CEE1424D3}.AppStore|iPhone.Build.0 = AppStore|iPhone
		{2D95CA72-181B-4865-AC70-386CEE1424D3}.AppStore|iPhoneSimulator.ActiveCfg = AppStore|iPhoneSimulator
		{2D95CA72-181B-4865-AC70-386CEE1424D3}.AppStore|iPhoneSimulator.Build.0 = AppStore|iPhoneSimulator
		{2D95CA72-181B-4865-AC70-386CEE1424D3}.AppStore|Mixed Platforms.ActiveCfg = AppStore|iPhone
		{2D95CA72-181B-4865-AC70-386CEE1424D3}.AppStore|Mixed Platforms.Build.0 = AppStore|iPhone
		{2D95CA72-181B-4865-AC70-386CEE1424D3}.AppStore|x86.ActiveCfg = AppStore|iPhone
		{2D95CA72-181B-4865-AC70-386CEE1424D3}.Debug|Any CPU.ActiveCfg = Debug|iPhoneSimulator
		{2D95CA72-181B-4865-AC70-386CEE1424D3}.Debug|Any CPU.Build.0 = Debug|iPhoneSimulator
		{2D95CA72-181B-4865-AC70-386CEE1424D3}.Debug|ARM.ActiveCfg = Debug|iPhone
		{2D95CA72-181B-4865-AC70-386CEE1424D3}.Debug|iPhone.ActiveCfg = Debug|iPhone
		{2D95CA72-181B-4865-AC70-386CEE1424D3}.Debug|iPhone.Build.0 = Debug|iPhone
		{2D95CA72-181B-4865-AC70-386CEE1424D3}.Debug|iPhoneSimulator.ActiveCfg = Debug|iPhoneSimulator
		{2D95CA72-181B-4865-AC70-386CEE1424D3}.Debug|iPhoneSimulator.Build.0 = Debug|iPhoneSimulator
		{2D95CA72-181B-4865-AC70-386CEE1424D3}.Debug|Mixed Platforms.ActiveCfg = Debug|iPhone
		{2D95CA72-181B-4865-AC70-386CEE1424D3}.Debug|Mixed Platforms.Build.0 = Debug|iPhone
		{2D95CA72-181B-4865-AC70-386CEE1424D3}.Debug|x86.ActiveCfg = Debug|iPhone
		{2D95CA72-181B-4865-AC70-386CEE1424D3}.Release|Any CPU.ActiveCfg = Release|iPhone
		{2D95CA72-181B-4865-AC70-386CEE1424D3}.Release|ARM.ActiveCfg = Release|iPhone
		{2D95CA72-181B-4865-AC70-386CEE1424D3}.Release|iPhone.ActiveCfg = Release|iPhone
		{2D95CA72-181B-4865-AC70-386CEE1424D3}.Release|iPhone.Build.0 = Release|iPhone
		{2D95CA72-181B-4865-AC70-386CEE1424D3}.Release|iPhoneSimulator.ActiveCfg = Release|iPhoneSimulator
		{2D95CA72-181B-4865-AC70-386CEE1424D3}.Release|iPhoneSimulator.Build.0 = Release|iPhoneSimulator
		{2D95CA72-181B-4865-AC70-386CEE1424D3}.Release|Mixed Platforms.ActiveCfg = Release|iPhone
		{2D95CA72-181B-4865-AC70-386CEE1424D3}.Release|Mixed Platforms.Build.0 = Release|iPhone
		{2D95CA72-181B-4865-AC70-386CEE1424D3}.Release|x86.ActiveCfg = Release|iPhone
		{41189108-1532-40C6-B168-9B1D29FC5EEC}.Ad-Hoc|Any CPU.ActiveCfg = Debug|Any CPU
		{41189108-1532-40C6-B168-9B1D29FC5EEC}.Ad-Hoc|Any CPU.Build.0 = Debug|Any CPU
		{41189108-1532-40C6-B168-9B1D29FC5EEC}.Ad-Hoc|ARM.ActiveCfg = Release|Any CPU
		{41189108-1532-40C6-B168-9B1D29FC5EEC}.Ad-Hoc|iPhone.ActiveCfg = Release|Any CPU
		{41189108-1532-40C6-B168-9B1D29FC5EEC}.Ad-Hoc|iPhoneSimulator.ActiveCfg = Release|Any CPU
		{41189108-1532-40C6-B168-9B1D29FC5EEC}.Ad-Hoc|Mixed Platforms.ActiveCfg = Release|Any CPU
		{41189108-1532-40C6-B168-9B1D29FC5EEC}.Ad-Hoc|Mixed Platforms.Build.0 = Release|Any CPU
		{41189108-1532-40C6-B168-9B1D29FC5EEC}.Ad-Hoc|x86.ActiveCfg = Release|Any CPU
		{41189108-1532-40C6-B168-9B1D29FC5EEC}.AppStore|Any CPU.ActiveCfg = Release|Any CPU
		{41189108-1532-40C6-B168-9B1D29FC5EEC}.AppStore|Any CPU.Build.0 = Release|Any CPU
		{41189108-1532-40C6-B168-9B1D29FC5EEC}.AppStore|ARM.ActiveCfg = Release|Any CPU
		{41189108-1532-40C6-B168-9B1D29FC5EEC}.AppStore|iPhone.ActiveCfg = Release|Any CPU
		{41189108-1532-40C6-B168-9B1D29FC5EEC}.AppStore|iPhoneSimulator.ActiveCfg = Release|Any CPU
		{41189108-1532-40C6-B168-9B1D29FC5EEC}.AppStore|Mixed Platforms.ActiveCfg = Release|Any CPU
		{41189108-1532-40C6-B168-9B1D29FC5EEC}.AppStore|Mixed Platforms.Build.0 = Release|Any CPU
		{41189108-1532-40C6-B168-9B1D29FC5EEC}.AppStore|x86.ActiveCfg = Release|Any CPU
		{41189108-1532-40C6-B168-9B1D29FC5EEC}.Debug|Any CPU.ActiveCfg = Debug|Any CPU
		{41189108-1532-40C6-B168-9B1D29FC5EEC}.Debug|Any CPU.Build.0 = Debug|Any CPU
		{41189108-1532-40C6-B168-9B1D29FC5EEC}.Debug|ARM.ActiveCfg = Debug|Any CPU
		{41189108-1532-40C6-B168-9B1D29FC5EEC}.Debug|iPhone.ActiveCfg = Debug|Any CPU
		{41189108-1532-40C6-B168-9B1D29FC5EEC}.Debug|iPhoneSimulator.ActiveCfg = Debug|Any CPU
		{41189108-1532-40C6-B168-9B1D29FC5EEC}.Debug|Mixed Platforms.ActiveCfg = Debug|Any CPU
		{41189108-1532-40C6-B168-9B1D29FC5EEC}.Debug|Mixed Platforms.Build.0 = Debug|Any CPU
		{41189108-1532-40C6-B168-9B1D29FC5EEC}.Debug|x86.ActiveCfg = Debug|Any CPU
		{41189108-1532-40C6-B168-9B1D29FC5EEC}.Release|Any CPU.ActiveCfg = Release|Any CPU
		{41189108-1532-40C6-B168-9B1D29FC5EEC}.Release|Any CPU.Build.0 = Release|Any CPU
		{41189108-1532-40C6-B168-9B1D29FC5EEC}.Release|ARM.ActiveCfg = Release|Any CPU
		{41189108-1532-40C6-B168-9B1D29FC5EEC}.Release|iPhone.ActiveCfg = Release|Any CPU
		{41189108-1532-40C6-B168-9B1D29FC5EEC}.Release|iPhoneSimulator.ActiveCfg = Release|Any CPU
		{41189108-1532-40C6-B168-9B1D29FC5EEC}.Release|Mixed Platforms.ActiveCfg = Release|Any CPU
		{41189108-1532-40C6-B168-9B1D29FC5EEC}.Release|Mixed Platforms.Build.0 = Release|Any CPU
		{41189108-1532-40C6-B168-9B1D29FC5EEC}.Release|x86.ActiveCfg = Release|Any CPU
		{58818F56-349C-425C-A995-DDDB949CFE23}.Ad-Hoc|Any CPU.ActiveCfg = Release|Any CPU
		{58818F56-349C-425C-A995-DDDB949CFE23}.Ad-Hoc|Any CPU.Build.0 = Release|Any CPU
		{58818F56-349C-425C-A995-DDDB949CFE23}.Ad-Hoc|Any CPU.Deploy.0 = Release|Any CPU
		{58818F56-349C-425C-A995-DDDB949CFE23}.Ad-Hoc|ARM.ActiveCfg = Release|ARM
		{58818F56-349C-425C-A995-DDDB949CFE23}.Ad-Hoc|ARM.Build.0 = Release|ARM
		{58818F56-349C-425C-A995-DDDB949CFE23}.Ad-Hoc|ARM.Deploy.0 = Release|ARM
		{58818F56-349C-425C-A995-DDDB949CFE23}.Ad-Hoc|iPhone.ActiveCfg = Release|Any CPU
		{58818F56-349C-425C-A995-DDDB949CFE23}.Ad-Hoc|iPhoneSimulator.ActiveCfg = Release|Any CPU
		{58818F56-349C-425C-A995-DDDB949CFE23}.Ad-Hoc|Mixed Platforms.ActiveCfg = Release|x86
		{58818F56-349C-425C-A995-DDDB949CFE23}.Ad-Hoc|Mixed Platforms.Build.0 = Release|x86
		{58818F56-349C-425C-A995-DDDB949CFE23}.Ad-Hoc|Mixed Platforms.Deploy.0 = Release|x86
		{58818F56-349C-425C-A995-DDDB949CFE23}.Ad-Hoc|x86.ActiveCfg = Release|x86
		{58818F56-349C-425C-A995-DDDB949CFE23}.Ad-Hoc|x86.Build.0 = Release|x86
		{58818F56-349C-425C-A995-DDDB949CFE23}.Ad-Hoc|x86.Deploy.0 = Release|x86
		{58818F56-349C-425C-A995-DDDB949CFE23}.AppStore|Any CPU.ActiveCfg = Release|Any CPU
		{58818F56-349C-425C-A995-DDDB949CFE23}.AppStore|Any CPU.Build.0 = Release|Any CPU
		{58818F56-349C-425C-A995-DDDB949CFE23}.AppStore|Any CPU.Deploy.0 = Release|Any CPU
		{58818F56-349C-425C-A995-DDDB949CFE23}.AppStore|ARM.ActiveCfg = Release|ARM
		{58818F56-349C-425C-A995-DDDB949CFE23}.AppStore|ARM.Build.0 = Release|ARM
		{58818F56-349C-425C-A995-DDDB949CFE23}.AppStore|ARM.Deploy.0 = Release|ARM
		{58818F56-349C-425C-A995-DDDB949CFE23}.AppStore|iPhone.ActiveCfg = Release|Any CPU
		{58818F56-349C-425C-A995-DDDB949CFE23}.AppStore|iPhoneSimulator.ActiveCfg = Release|Any CPU
		{58818F56-349C-425C-A995-DDDB949CFE23}.AppStore|Mixed Platforms.ActiveCfg = Release|x86
		{58818F56-349C-425C-A995-DDDB949CFE23}.AppStore|Mixed Platforms.Build.0 = Release|x86
		{58818F56-349C-425C-A995-DDDB949CFE23}.AppStore|Mixed Platforms.Deploy.0 = Release|x86
		{58818F56-349C-425C-A995-DDDB949CFE23}.AppStore|x86.ActiveCfg = Release|x86
		{58818F56-349C-425C-A995-DDDB949CFE23}.AppStore|x86.Build.0 = Release|x86
		{58818F56-349C-425C-A995-DDDB949CFE23}.AppStore|x86.Deploy.0 = Release|x86
		{58818F56-349C-425C-A995-DDDB949CFE23}.Debug|Any CPU.ActiveCfg = Debug|Any CPU
		{58818F56-349C-425C-A995-DDDB949CFE23}.Debug|Any CPU.Build.0 = Debug|Any CPU
		{58818F56-349C-425C-A995-DDDB949CFE23}.Debug|Any CPU.Deploy.0 = Debug|Any CPU
		{58818F56-349C-425C-A995-DDDB949CFE23}.Debug|ARM.ActiveCfg = Debug|ARM
		{58818F56-349C-425C-A995-DDDB949CFE23}.Debug|ARM.Build.0 = Debug|ARM
		{58818F56-349C-425C-A995-DDDB949CFE23}.Debug|ARM.Deploy.0 = Debug|ARM
		{58818F56-349C-425C-A995-DDDB949CFE23}.Debug|iPhone.ActiveCfg = Debug|Any CPU
		{58818F56-349C-425C-A995-DDDB949CFE23}.Debug|iPhoneSimulator.ActiveCfg = Debug|Any CPU
		{58818F56-349C-425C-A995-DDDB949CFE23}.Debug|Mixed Platforms.ActiveCfg = Debug|x86
		{58818F56-349C-425C-A995-DDDB949CFE23}.Debug|Mixed Platforms.Build.0 = Debug|x86
		{58818F56-349C-425C-A995-DDDB949CFE23}.Debug|Mixed Platforms.Deploy.0 = Debug|x86
		{58818F56-349C-425C-A995-DDDB949CFE23}.Debug|x86.ActiveCfg = Debug|x86
		{58818F56-349C-425C-A995-DDDB949CFE23}.Debug|x86.Build.0 = Debug|x86
		{58818F56-349C-425C-A995-DDDB949CFE23}.Debug|x86.Deploy.0 = Debug|x86
		{58818F56-349C-425C-A995-DDDB949CFE23}.Release|Any CPU.ActiveCfg = Release|Any CPU
		{58818F56-349C-425C-A995-DDDB949CFE23}.Release|Any CPU.Build.0 = Release|Any CPU
		{58818F56-349C-425C-A995-DDDB949CFE23}.Release|Any CPU.Deploy.0 = Release|Any CPU
		{58818F56-349C-425C-A995-DDDB949CFE23}.Release|ARM.ActiveCfg = Release|ARM
		{58818F56-349C-425C-A995-DDDB949CFE23}.Release|ARM.Build.0 = Release|ARM
		{58818F56-349C-425C-A995-DDDB949CFE23}.Release|ARM.Deploy.0 = Release|ARM
		{58818F56-349C-425C-A995-DDDB949CFE23}.Release|iPhone.ActiveCfg = Release|Any CPU
		{58818F56-349C-425C-A995-DDDB949CFE23}.Release|iPhoneSimulator.ActiveCfg = Release|Any CPU
		{58818F56-349C-425C-A995-DDDB949CFE23}.Release|Mixed Platforms.ActiveCfg = Release|x86
		{58818F56-349C-425C-A995-DDDB949CFE23}.Release|Mixed Platforms.Build.0 = Release|x86
		{58818F56-349C-425C-A995-DDDB949CFE23}.Release|Mixed Platforms.Deploy.0 = Release|x86
		{58818F56-349C-425C-A995-DDDB949CFE23}.Release|x86.ActiveCfg = Release|x86
		{58818F56-349C-425C-A995-DDDB949CFE23}.Release|x86.Build.0 = Release|x86
		{58818F56-349C-425C-A995-DDDB949CFE23}.Release|x86.Deploy.0 = Release|x86
		{973837B4-11A5-4B92-A2CE-3F4D21330520}.Ad-Hoc|Any CPU.ActiveCfg = Release|Any CPU
		{973837B4-11A5-4B92-A2CE-3F4D21330520}.Ad-Hoc|Any CPU.Build.0 = Release|Any CPU
		{973837B4-11A5-4B92-A2CE-3F4D21330520}.Ad-Hoc|ARM.ActiveCfg = Release|Any CPU
		{973837B4-11A5-4B92-A2CE-3F4D21330520}.Ad-Hoc|iPhone.ActiveCfg = Release|Any CPU
		{973837B4-11A5-4B92-A2CE-3F4D21330520}.Ad-Hoc|iPhoneSimulator.ActiveCfg = Release|Any CPU
		{973837B4-11A5-4B92-A2CE-3F4D21330520}.Ad-Hoc|Mixed Platforms.ActiveCfg = Release|Any CPU
		{973837B4-11A5-4B92-A2CE-3F4D21330520}.Ad-Hoc|Mixed Platforms.Build.0 = Release|Any CPU
		{973837B4-11A5-4B92-A2CE-3F4D21330520}.Ad-Hoc|x86.ActiveCfg = Release|Any CPU
		{973837B4-11A5-4B92-A2CE-3F4D21330520}.AppStore|Any CPU.ActiveCfg = Release|Any CPU
		{973837B4-11A5-4B92-A2CE-3F4D21330520}.AppStore|Any CPU.Build.0 = Release|Any CPU
		{973837B4-11A5-4B92-A2CE-3F4D21330520}.AppStore|ARM.ActiveCfg = Release|Any CPU
		{973837B4-11A5-4B92-A2CE-3F4D21330520}.AppStore|iPhone.ActiveCfg = Release|Any CPU
		{973837B4-11A5-4B92-A2CE-3F4D21330520}.AppStore|iPhoneSimulator.ActiveCfg = Release|Any CPU
		{973837B4-11A5-4B92-A2CE-3F4D21330520}.AppStore|Mixed Platforms.ActiveCfg = Release|Any CPU
		{973837B4-11A5-4B92-A2CE-3F4D21330520}.AppStore|Mixed Platforms.Build.0 = Release|Any CPU
		{973837B4-11A5-4B92-A2CE-3F4D21330520}.AppStore|x86.ActiveCfg = Release|Any CPU
		{973837B4-11A5-4B92-A2CE-3F4D21330520}.Debug|Any CPU.ActiveCfg = Debug|Any CPU
		{973837B4-11A5-4B92-A2CE-3F4D21330520}.Debug|Any CPU.Build.0 = Debug|Any CPU
		{973837B4-11A5-4B92-A2CE-3F4D21330520}.Debug|ARM.ActiveCfg = Debug|Any CPU
		{973837B4-11A5-4B92-A2CE-3F4D21330520}.Debug|iPhone.ActiveCfg = Debug|Any CPU
		{973837B4-11A5-4B92-A2CE-3F4D21330520}.Debug|iPhoneSimulator.ActiveCfg = Debug|Any CPU
		{973837B4-11A5-4B92-A2CE-3F4D21330520}.Debug|Mixed Platforms.ActiveCfg = Debug|Any CPU
		{973837B4-11A5-4B92-A2CE-3F4D21330520}.Debug|Mixed Platforms.Build.0 = Debug|Any CPU
		{973837B4-11A5-4B92-A2CE-3F4D21330520}.Debug|x86.ActiveCfg = Debug|Any CPU
		{973837B4-11A5-4B92-A2CE-3F4D21330520}.Release|Any CPU.ActiveCfg = Release|Any CPU
		{973837B4-11A5-4B92-A2CE-3F4D21330520}.Release|Any CPU.Build.0 = Release|Any CPU
		{973837B4-11A5-4B92-A2CE-3F4D21330520}.Release|ARM.ActiveCfg = Release|Any CPU
		{973837B4-11A5-4B92-A2CE-3F4D21330520}.Release|iPhone.ActiveCfg = Release|Any CPU
		{973837B4-11A5-4B92-A2CE-3F4D21330520}.Release|iPhoneSimulator.ActiveCfg = Release|Any CPU
		{973837B4-11A5-4B92-A2CE-3F4D21330520}.Release|Mixed Platforms.ActiveCfg = Release|Any CPU
		{973837B4-11A5-4B92-A2CE-3F4D21330520}.Release|Mixed Platforms.Build.0 = Release|Any CPU
		{973837B4-11A5-4B92-A2CE-3F4D21330520}.Release|x86.ActiveCfg = Release|Any CPU
		{9AF6EDAA-41CA-417C-85F6-6332C8FF774E}.Ad-Hoc|Any CPU.ActiveCfg = Release|Any CPU
		{9AF6EDAA-41CA-417C-85F6-6332C8FF774E}.Ad-Hoc|Any CPU.Build.0 = Release|Any CPU
		{9AF6EDAA-41CA-417C-85F6-6332C8FF774E}.Ad-Hoc|ARM.ActiveCfg = Release|Any CPU
		{9AF6EDAA-41CA-417C-85F6-6332C8FF774E}.Ad-Hoc|iPhone.ActiveCfg = Release|Any CPU
		{9AF6EDAA-41CA-417C-85F6-6332C8FF774E}.Ad-Hoc|iPhoneSimulator.ActiveCfg = Release|Any CPU
		{9AF6EDAA-41CA-417C-85F6-6332C8FF774E}.Ad-Hoc|Mixed Platforms.ActiveCfg = Release|Any CPU
		{9AF6EDAA-41CA-417C-85F6-6332C8FF774E}.Ad-Hoc|Mixed Platforms.Build.0 = Release|Any CPU
		{9AF6EDAA-41CA-417C-85F6-6332C8FF774E}.Ad-Hoc|x86.ActiveCfg = Release|Any CPU
		{9AF6EDAA-41CA-417C-85F6-6332C8FF774E}.AppStore|Any CPU.ActiveCfg = Release|Any CPU
		{9AF6EDAA-41CA-417C-85F6-6332C8FF774E}.AppStore|Any CPU.Build.0 = Release|Any CPU
		{9AF6EDAA-41CA-417C-85F6-6332C8FF774E}.AppStore|ARM.ActiveCfg = Release|Any CPU
		{9AF6EDAA-41CA-417C-85F6-6332C8FF774E}.AppStore|iPhone.ActiveCfg = Release|Any CPU
		{9AF6EDAA-41CA-417C-85F6-6332C8FF774E}.AppStore|iPhoneSimulator.ActiveCfg = Release|Any CPU
		{9AF6EDAA-41CA-417C-85F6-6332C8FF774E}.AppStore|Mixed Platforms.ActiveCfg = Release|Any CPU
		{9AF6EDAA-41CA-417C-85F6-6332C8FF774E}.AppStore|Mixed Platforms.Build.0 = Release|Any CPU
		{9AF6EDAA-41CA-417C-85F6-6332C8FF774E}.AppStore|x86.ActiveCfg = Release|Any CPU
		{9AF6EDAA-41CA-417C-85F6-6332C8FF774E}.Debug|Any CPU.ActiveCfg = Debug|Any CPU
		{9AF6EDAA-41CA-417C-85F6-6332C8FF774E}.Debug|Any CPU.Build.0 = Debug|Any CPU
		{9AF6EDAA-41CA-417C-85F6-6332C8FF774E}.Debug|ARM.ActiveCfg = Debug|Any CPU
		{9AF6EDAA-41CA-417C-85F6-6332C8FF774E}.Debug|iPhone.ActiveCfg = Debug|Any CPU
		{9AF6EDAA-41CA-417C-85F6-6332C8FF774E}.Debug|iPhoneSimulator.ActiveCfg = Debug|Any CPU
		{9AF6EDAA-41CA-417C-85F6-6332C8FF774E}.Debug|Mixed Platforms.ActiveCfg = Debug|Any CPU
		{9AF6EDAA-41CA-417C-85F6-6332C8FF774E}.Debug|Mixed Platforms.Build.0 = Debug|Any CPU
		{9AF6EDAA-41CA-417C-85F6-6332C8FF774E}.Debug|x86.ActiveCfg = Debug|Any CPU
		{9AF6EDAA-41CA-417C-85F6-6332C8FF774E}.Release|Any CPU.ActiveCfg = Release|Any CPU
		{9AF6EDAA-41CA-417C-85F6-6332C8FF774E}.Release|Any CPU.Build.0 = Release|Any CPU
		{9AF6EDAA-41CA-417C-85F6-6332C8FF774E}.Release|ARM.ActiveCfg = Release|Any CPU
		{9AF6EDAA-41CA-417C-85F6-6332C8FF774E}.Release|iPhone.ActiveCfg = Release|Any CPU
		{9AF6EDAA-41CA-417C-85F6-6332C8FF774E}.Release|iPhoneSimulator.ActiveCfg = Release|Any CPU
		{9AF6EDAA-41CA-417C-85F6-6332C8FF774E}.Release|Mixed Platforms.ActiveCfg = Release|Any CPU
		{9AF6EDAA-41CA-417C-85F6-6332C8FF774E}.Release|Mixed Platforms.Build.0 = Release|Any CPU
		{9AF6EDAA-41CA-417C-85F6-6332C8FF774E}.Release|x86.ActiveCfg = Release|Any CPU
		{BE1CD0E0-C769-4344-AAC9-430062394289}.Ad-Hoc|Any CPU.ActiveCfg = Release|Any CPU
		{BE1CD0E0-C769-4344-AAC9-430062394289}.Ad-Hoc|Any CPU.Build.0 = Release|Any CPU
		{BE1CD0E0-C769-4344-AAC9-430062394289}.Ad-Hoc|ARM.ActiveCfg = Release|Any CPU
		{BE1CD0E0-C769-4344-AAC9-430062394289}.Ad-Hoc|iPhone.ActiveCfg = Release|Any CPU
		{BE1CD0E0-C769-4344-AAC9-430062394289}.Ad-Hoc|iPhoneSimulator.ActiveCfg = Release|Any CPU
		{BE1CD0E0-C769-4344-AAC9-430062394289}.Ad-Hoc|Mixed Platforms.ActiveCfg = Release|Any CPU
		{BE1CD0E0-C769-4344-AAC9-430062394289}.Ad-Hoc|Mixed Platforms.Build.0 = Release|Any CPU
		{BE1CD0E0-C769-4344-AAC9-430062394289}.Ad-Hoc|x86.ActiveCfg = Release|Any CPU
		{BE1CD0E0-C769-4344-AAC9-430062394289}.AppStore|Any CPU.ActiveCfg = Release|Any CPU
		{BE1CD0E0-C769-4344-AAC9-430062394289}.AppStore|Any CPU.Build.0 = Release|Any CPU
		{BE1CD0E0-C769-4344-AAC9-430062394289}.AppStore|ARM.ActiveCfg = Release|Any CPU
		{BE1CD0E0-C769-4344-AAC9-430062394289}.AppStore|iPhone.ActiveCfg = Release|Any CPU
		{BE1CD0E0-C769-4344-AAC9-430062394289}.AppStore|iPhoneSimulator.ActiveCfg = Release|Any CPU
		{BE1CD0E0-C769-4344-AAC9-430062394289}.AppStore|Mixed Platforms.ActiveCfg = Release|Any CPU
		{BE1CD0E0-C769-4344-AAC9-430062394289}.AppStore|Mixed Platforms.Build.0 = Release|Any CPU
		{BE1CD0E0-C769-4344-AAC9-430062394289}.AppStore|x86.ActiveCfg = Release|Any CPU
		{BE1CD0E0-C769-4344-AAC9-430062394289}.Debug|Any CPU.ActiveCfg = Debug|Any CPU
		{BE1CD0E0-C769-4344-AAC9-430062394289}.Debug|Any CPU.Build.0 = Debug|Any CPU
		{BE1CD0E0-C769-4344-AAC9-430062394289}.Debug|ARM.ActiveCfg = Debug|Any CPU
		{BE1CD0E0-C769-4344-AAC9-430062394289}.Debug|iPhone.ActiveCfg = Debug|Any CPU
		{BE1CD0E0-C769-4344-AAC9-430062394289}.Debug|iPhoneSimulator.ActiveCfg = Debug|Any CPU
		{BE1CD0E0-C769-4344-AAC9-430062394289}.Debug|Mixed Platforms.ActiveCfg = Debug|Any CPU
		{BE1CD0E0-C769-4344-AAC9-430062394289}.Debug|Mixed Platforms.Build.0 = Debug|Any CPU
		{BE1CD0E0-C769-4344-AAC9-430062394289}.Debug|x86.ActiveCfg = Debug|Any CPU
		{BE1CD0E0-C769-4344-AAC9-430062394289}.Release|Any CPU.ActiveCfg = Release|Any CPU
		{BE1CD0E0-C769-4344-AAC9-430062394289}.Release|Any CPU.Build.0 = Release|Any CPU
		{BE1CD0E0-C769-4344-AAC9-430062394289}.Release|ARM.ActiveCfg = Release|Any CPU
		{BE1CD0E0-C769-4344-AAC9-430062394289}.Release|iPhone.ActiveCfg = Release|Any CPU
		{BE1CD0E0-C769-4344-AAC9-430062394289}.Release|iPhoneSimulator.ActiveCfg = Release|Any CPU
		{BE1CD0E0-C769-4344-AAC9-430062394289}.Release|Mixed Platforms.ActiveCfg = Release|Any CPU
		{BE1CD0E0-C769-4344-AAC9-430062394289}.Release|Mixed Platforms.Build.0 = Release|Any CPU
		{BE1CD0E0-C769-4344-AAC9-430062394289}.Release|x86.ActiveCfg = Release|Any CPU
		{D1571159-AFC2-4827-932B-A34ACF104145}.Ad-Hoc|Any CPU.ActiveCfg = Release|Any CPU
		{D1571159-AFC2-4827-932B-A34ACF104145}.Ad-Hoc|Any CPU.Build.0 = Release|Any CPU
		{D1571159-AFC2-4827-932B-A34ACF104145}.Ad-Hoc|ARM.ActiveCfg = Release|Any CPU
		{D1571159-AFC2-4827-932B-A34ACF104145}.Ad-Hoc|iPhone.ActiveCfg = Release|Any CPU
		{D1571159-AFC2-4827-932B-A34ACF104145}.Ad-Hoc|iPhoneSimulator.ActiveCfg = Release|Any CPU
		{D1571159-AFC2-4827-932B-A34ACF104145}.Ad-Hoc|Mixed Platforms.ActiveCfg = Release|Any CPU
		{D1571159-AFC2-4827-932B-A34ACF104145}.Ad-Hoc|Mixed Platforms.Build.0 = Release|Any CPU
		{D1571159-AFC2-4827-932B-A34ACF104145}.Ad-Hoc|x86.ActiveCfg = Release|Any CPU
		{D1571159-AFC2-4827-932B-A34ACF104145}.AppStore|Any CPU.ActiveCfg = Release|Any CPU
		{D1571159-AFC2-4827-932B-A34ACF104145}.AppStore|Any CPU.Build.0 = Release|Any CPU
		{D1571159-AFC2-4827-932B-A34ACF104145}.AppStore|ARM.ActiveCfg = Release|Any CPU
		{D1571159-AFC2-4827-932B-A34ACF104145}.AppStore|iPhone.ActiveCfg = Release|Any CPU
		{D1571159-AFC2-4827-932B-A34ACF104145}.AppStore|iPhoneSimulator.ActiveCfg = Release|Any CPU
		{D1571159-AFC2-4827-932B-A34ACF104145}.AppStore|Mixed Platforms.ActiveCfg = Release|Any CPU
		{D1571159-AFC2-4827-932B-A34ACF104145}.AppStore|Mixed Platforms.Build.0 = Release|Any CPU
		{D1571159-AFC2-4827-932B-A34ACF104145}.AppStore|x86.ActiveCfg = Release|Any CPU
		{D1571159-AFC2-4827-932B-A34ACF104145}.Debug|Any CPU.ActiveCfg = Debug|Any CPU
		{D1571159-AFC2-4827-932B-A34ACF104145}.Debug|Any CPU.Build.0 = Debug|Any CPU
		{D1571159-AFC2-4827-932B-A34ACF104145}.Debug|ARM.ActiveCfg = Debug|Any CPU
		{D1571159-AFC2-4827-932B-A34ACF104145}.Debug|iPhone.ActiveCfg = Debug|Any CPU
		{D1571159-AFC2-4827-932B-A34ACF104145}.Debug|iPhoneSimulator.ActiveCfg = Debug|Any CPU
		{D1571159-AFC2-4827-932B-A34ACF104145}.Debug|Mixed Platforms.ActiveCfg = Debug|Any CPU
		{D1571159-AFC2-4827-932B-A34ACF104145}.Debug|Mixed Platforms.Build.0 = Debug|Any CPU
		{D1571159-AFC2-4827-932B-A34ACF104145}.Debug|x86.ActiveCfg = Debug|Any CPU
		{D1571159-AFC2-4827-932B-A34ACF104145}.Release|Any CPU.ActiveCfg = Release|Any CPU
		{D1571159-AFC2-4827-932B-A34ACF104145}.Release|Any CPU.Build.0 = Release|Any CPU
		{D1571159-AFC2-4827-932B-A34ACF104145}.Release|ARM.ActiveCfg = Release|Any CPU
		{D1571159-AFC2-4827-932B-A34ACF104145}.Release|iPhone.ActiveCfg = Release|Any CPU
		{D1571159-AFC2-4827-932B-A34ACF104145}.Release|iPhoneSimulator.ActiveCfg = Release|Any CPU
		{D1571159-AFC2-4827-932B-A34ACF104145}.Release|Mixed Platforms.ActiveCfg = Release|Any CPU
		{D1571159-AFC2-4827-932B-A34ACF104145}.Release|Mixed Platforms.Build.0 = Release|Any CPU
		{D1571159-AFC2-4827-932B-A34ACF104145}.Release|x86.ActiveCfg = Release|Any CPU
	EndGlobalSection
	GlobalSection(NestedProjects) = preSolution
		{41189108-1532-40C6-B168-9B1D29FC5EEC} = {2A701157-A632-477E-BA9D-B00720D558F4}
		{2D95CA72-181B-4865-AC70-386CEE1424D3} = {2A701157-A632-477E-BA9D-B00720D558F4}
		{03EE3210-D1EB-458A-A3D5-E4F041D3979F} = {2A701157-A632-477E-BA9D-B00720D558F4}
		{58818F56-349C-425C-A995-DDDB949CFE23} = {2A701157-A632-477E-BA9D-B00720D558F4}
	EndGlobalSection
	GlobalSection(SolutionProperties) = preSolution
		HideSolutionNode = FALSE
	EndGlobalSection
EndGlobal
